{
  "name": "turkce-karakter",
  "lockfileVersion": 3,
  "requires": true,
  "packages": {
    "": {
      "dependencies": {
        "turkish-deasciifier": "^1.0.0"
      }
    },
    "node_modules/turkish-deasciifier": {
      "version": "1.0.0",
      "resolved": "https://registry.npmjs.org/turkish-deasciifier/-/turkish-deasciifier-1.0.0.tgz",
      "integrity": "sha512-K59LG/e0k8GgDyXErZTKIOJsD0ZyX6ktVhPnKcCcih0/ZrT5CWy8tDQjrM4fBaA7Idv1d45O0Vz3K4SzbJhvPQ==",
      "license": "ISC"
    }
  }
}
